// !$*UTF8*$!
{
	archiveVersion = 1;
	classes = {
	};
	objectVersion = 55;
	objects = {

/* Begin PBXBuildFile section */
		11014C9B296868C700DC9ECF /* UploadTimetableView.swift in Sources */ = {isa = PBXBuildFile; fileRef = 11014C9A296868C700DC9ECF /* UploadTimetableView.swift */; };
		110DD5C8296B1AE500DAB549 /* User.swift in Sources */ = {isa = PBXBuildFile; fileRef = 110DD5C7296B1AE500DAB549 /* User.swift */; };
		11113BE92983BF02002C9E08 /* ChatViewModel.swift in Sources */ = {isa = PBXBuildFile; fileRef = 11113BE82983BF02002C9E08 /* ChatViewModel.swift */; };
		11113BEB2983C353002C9E08 /* ChatView.swift in Sources */ = {isa = PBXBuildFile; fileRef = 11113BEA2983C353002C9E08 /* ChatView.swift */; };
		11113BED29840F88002C9E08 /* ChatBubble.swift in Sources */ = {isa = PBXBuildFile; fileRef = 11113BEC29840F88002C9E08 /* ChatBubble.swift */; };
		114B6A00296813E30020692C /* LoginView.swift in Sources */ = {isa = PBXBuildFile; fileRef = 114B69FF296813E30020692C /* LoginView.swift */; };
		114B6A0229682D380020692C /* ContentView.swift in Sources */ = {isa = PBXBuildFile; fileRef = 114B6A0129682D380020692C /* ContentView.swift */; };
		114B6A042968331C0020692C /* WeekView.swift in Sources */ = {isa = PBXBuildFile; fileRef = 114B6A032968331C0020692C /* WeekView.swift */; };
		114B6A06296845C40020692C /* SettingsView.swift in Sources */ = {isa = PBXBuildFile; fileRef = 114B6A05296845C40020692C /* SettingsView.swift */; };
		1156CFC62965EDB200FF9732 /* OpenView.swift in Sources */ = {isa = PBXBuildFile; fileRef = 1156CFC52965EDB200FF9732 /* OpenView.swift */; };
		115FAE4629656EEA00F2738A /* AppViewModel.swift in Sources */ = {isa = PBXBuildFile; fileRef = 115FAE4529656EEA00F2738A /* AppViewModel.swift */; };
		116C9E9B295CD879007EFFFE /* SocialTimetableApp.swift in Sources */ = {isa = PBXBuildFile; fileRef = 116C9E9A295CD879007EFFFE /* SocialTimetableApp.swift */; };
		116C9E9F295CD87A007EFFFE /* Assets.xcassets in Resources */ = {isa = PBXBuildFile; fileRef = 116C9E9E295CD87A007EFFFE /* Assets.xcassets */; };
		116C9EA2295CD87A007EFFFE /* Preview Assets.xcassets in Resources */ = {isa = PBXBuildFile; fileRef = 116C9EA1295CD87A007EFFFE /* Preview Assets.xcassets */; };
		116C9EAD295CE0BF007EFFFE /* EventCardView.swift in Sources */ = {isa = PBXBuildFile; fileRef = 116C9EAC295CE0BF007EFFFE /* EventCardView.swift */; };
		116C9EAF295CE0DC007EFFFE /* Event.swift in Sources */ = {isa = PBXBuildFile; fileRef = 116C9EAE295CE0DC007EFFFE /* Event.swift */; };
		116C9EB1295CE561007EFFFE /* 04ead9dc-5711-4d81-943f-ba9f3bac5c14.ics in Resources */ = {isa = PBXBuildFile; fileRef = 116C9EB0295CE561007EFFFE /* 04ead9dc-5711-4d81-943f-ba9f3bac5c14.ics */; };
		1170BF002994EAFC007A07FD /* FirebaseAnalytics in Frameworks */ = {isa = PBXBuildFile; productRef = 1170BEFF2994EAFC007A07FD /* FirebaseAnalytics */; };
		1170BF022994EAFC007A07FD /* FirebaseAuth in Frameworks */ = {isa = PBXBuildFile; productRef = 1170BF012994EAFC007A07FD /* FirebaseAuth */; };
		1170BF042994EAFC007A07FD /* FirebaseFirestore in Frameworks */ = {isa = PBXBuildFile; productRef = 1170BF032994EAFC007A07FD /* FirebaseFirestore */; };
		1170BF062994EAFC007A07FD /* FirebaseFirestoreSwift in Frameworks */ = {isa = PBXBuildFile; productRef = 1170BF052994EAFC007A07FD /* FirebaseFirestoreSwift */; };
		1170BF0C2994EF3E007A07FD /* WidgetKit.framework in Frameworks */ = {isa = PBXBuildFile; fileRef = 114B2A922994E58000DCE8DC /* WidgetKit.framework */; };
		1170BF0D2994EF3E007A07FD /* SwiftUI.framework in Frameworks */ = {isa = PBXBuildFile; fileRef = 114B2A942994E58000DCE8DC /* SwiftUI.framework */; };
		1170BF102994EF3E007A07FD /* TimetableWidgetBundle.swift in Sources */ = {isa = PBXBuildFile; fileRef = 1170BF0F2994EF3E007A07FD /* TimetableWidgetBundle.swift */; };
		1170BF122994EF3E007A07FD /* TimetableWidget.swift in Sources */ = {isa = PBXBuildFile; fileRef = 1170BF112994EF3E007A07FD /* TimetableWidget.swift */; };
		1170BF142994EF3F007A07FD /* Assets.xcassets in Resources */ = {isa = PBXBuildFile; fileRef = 1170BF132994EF3F007A07FD /* Assets.xcassets */; };
		1170BF182994EF3F007A07FD /* TimetableWidgetExtension.appex in Embed Foundation Extensions */ = {isa = PBXBuildFile; fileRef = 1170BF0B2994EF3E007A07FD /* TimetableWidgetExtension.appex */; settings = {ATTRIBUTES = (RemoveHeadersOnCopy, ); }; };
		1170BF1D2994EF81007A07FD /* FirebaseAuth in Frameworks */ = {isa = PBXBuildFile; productRef = 1170BF1C2994EF81007A07FD /* FirebaseAuth */; };
		1170BF1F2994EF81007A07FD /* FirebaseFirestore in Frameworks */ = {isa = PBXBuildFile; productRef = 1170BF1E2994EF81007A07FD /* FirebaseFirestore */; };
		1170BF212994EF81007A07FD /* FirebaseFirestoreSwift in Frameworks */ = {isa = PBXBuildFile; productRef = 1170BF202994EF81007A07FD /* FirebaseFirestoreSwift */; };
		1194DBF52992182A00D6ADCD /* FacebookCore in Frameworks */ = {isa = PBXBuildFile; productRef = 1194DBF42992182A00D6ADCD /* FacebookCore */; };
		1194DBF72992182A00D6ADCD /* FacebookLogin in Frameworks */ = {isa = PBXBuildFile; productRef = 1194DBF62992182A00D6ADCD /* FacebookLogin */; };
		119B366129686FFB00038389 /* AccountSettingsView.swift in Sources */ = {isa = PBXBuildFile; fileRef = 119B366029686FFB00038389 /* AccountSettingsView.swift */; };
		11A7572C297A623900F8787B /* EventDetailView.swift in Sources */ = {isa = PBXBuildFile; fileRef = 11A7572B297A623900F8787B /* EventDetailView.swift */; };
		11A7572E297A918B00F8787B /* FriendsView.swift in Sources */ = {isa = PBXBuildFile; fileRef = 11A7572D297A918B00F8787B /* FriendsView.swift */; };
		11BC6F5E2994FF6800C38AE4 /* GoogleService-Info.plist in Resources */ = {isa = PBXBuildFile; fileRef = 11C1E33D2965DE35002DDD44 /* GoogleService-Info.plist */; };
		11BC6F5F2995034400C38AE4 /* Event.swift in Sources */ = {isa = PBXBuildFile; fileRef = 116C9EAE295CE0DC007EFFFE /* Event.swift */; };
		11BC6F602995034900C38AE4 /* User.swift in Sources */ = {isa = PBXBuildFile; fileRef = 110DD5C7296B1AE500DAB549 /* User.swift */; };
		11C1E33E2965DE35002DDD44 /* GoogleService-Info.plist in Resources */ = {isa = PBXBuildFile; fileRef = 11C1E33D2965DE35002DDD44 /* GoogleService-Info.plist */; };
		11F0A313296D347200B35ABE /* DayView.swift in Sources */ = {isa = PBXBuildFile; fileRef = 11F0A312296D347200B35ABE /* DayView.swift */; };
		11F5A4FC29795AED009D87C2 /* CourseChatsView.swift in Sources */ = {isa = PBXBuildFile; fileRef = 11F5A4FB29795AED009D87C2 /* CourseChatsView.swift */; };
		A4AC6A66521DC5BD9FD5D5B1 /* Pods_Social_Timetable.framework in Frameworks */ = {isa = PBXBuildFile; fileRef = 20DCC08494CD2432147FD784 /* Pods_Social_Timetable.framework */; };
/* End PBXBuildFile section */

/* Begin PBXContainerItemProxy section */
		1170BF162994EF3F007A07FD /* PBXContainerItemProxy */ = {
			isa = PBXContainerItemProxy;
			containerPortal = 116C9E8F295CD879007EFFFE /* Project object */;
			proxyType = 1;
			remoteGlobalIDString = 1170BF0A2994EF3E007A07FD;
			remoteInfo = TimetableWidgetExtension;
		};
/* End PBXContainerItemProxy section */

/* Begin PBXCopyFilesBuildPhase section */
		114B2AA12994E58200DCE8DC /* Embed Foundation Extensions */ = {
			isa = PBXCopyFilesBuildPhase;
			buildActionMask = 2147483647;
			dstPath = "";
			dstSubfolderSpec = 13;
			files = (
				1170BF182994EF3F007A07FD /* TimetableWidgetExtension.appex in Embed Foundation Extensions */,
			);
			name = "Embed Foundation Extensions";
			runOnlyForDeploymentPostprocessing = 0;
		};
/* End PBXCopyFilesBuildPhase section */

/* Begin PBXFileReference section */
		11014C9A296868C700DC9ECF /* UploadTimetableView.swift */ = {isa = PBXFileReference; lastKnownFileType = sourcecode.swift; path = UploadTimetableView.swift; sourceTree = "<group>"; };
		110DD5C7296B1AE500DAB549 /* User.swift */ = {isa = PBXFileReference; lastKnownFileType = sourcecode.swift; path = User.swift; sourceTree = "<group>"; };
		11113BE82983BF02002C9E08 /* ChatViewModel.swift */ = {isa = PBXFileReference; lastKnownFileType = sourcecode.swift; path = ChatViewModel.swift; sourceTree = "<group>"; };
		11113BEA2983C353002C9E08 /* ChatView.swift */ = {isa = PBXFileReference; lastKnownFileType = sourcecode.swift; path = ChatView.swift; sourceTree = "<group>"; };
		11113BEC29840F88002C9E08 /* ChatBubble.swift */ = {isa = PBXFileReference; lastKnownFileType = sourcecode.swift; path = ChatBubble.swift; sourceTree = "<group>"; };
		114B2A922994E58000DCE8DC /* WidgetKit.framework */ = {isa = PBXFileReference; lastKnownFileType = wrapper.framework; name = WidgetKit.framework; path = System/Library/Frameworks/WidgetKit.framework; sourceTree = SDKROOT; };
		114B2A942994E58000DCE8DC /* SwiftUI.framework */ = {isa = PBXFileReference; lastKnownFileType = wrapper.framework; name = SwiftUI.framework; path = System/Library/Frameworks/SwiftUI.framework; sourceTree = SDKROOT; };
		114B69FF296813E30020692C /* LoginView.swift */ = {isa = PBXFileReference; lastKnownFileType = sourcecode.swift; path = LoginView.swift; sourceTree = "<group>"; };
		114B6A0129682D380020692C /* ContentView.swift */ = {isa = PBXFileReference; lastKnownFileType = sourcecode.swift; path = ContentView.swift; sourceTree = "<group>"; };
		114B6A032968331C0020692C /* WeekView.swift */ = {isa = PBXFileReference; lastKnownFileType = sourcecode.swift; path = WeekView.swift; sourceTree = "<group>"; };
		114B6A05296845C40020692C /* SettingsView.swift */ = {isa = PBXFileReference; lastKnownFileType = sourcecode.swift; path = SettingsView.swift; sourceTree = "<group>"; };
		1156CFC52965EDB200FF9732 /* OpenView.swift */ = {isa = PBXFileReference; lastKnownFileType = sourcecode.swift; path = OpenView.swift; sourceTree = "<group>"; };
		115FAE4529656EEA00F2738A /* AppViewModel.swift */ = {isa = PBXFileReference; lastKnownFileType = sourcecode.swift; path = AppViewModel.swift; sourceTree = "<group>"; };
		116C9E97295CD879007EFFFE /* Social Timetable.app */ = {isa = PBXFileReference; explicitFileType = wrapper.application; includeInIndex = 0; path = "Social Timetable.app"; sourceTree = BUILT_PRODUCTS_DIR; };
		116C9E9A295CD879007EFFFE /* SocialTimetableApp.swift */ = {isa = PBXFileReference; lastKnownFileType = sourcecode.swift; path = SocialTimetableApp.swift; sourceTree = "<group>"; };
		116C9E9E295CD87A007EFFFE /* Assets.xcassets */ = {isa = PBXFileReference; lastKnownFileType = folder.assetcatalog; path = Assets.xcassets; sourceTree = "<group>"; };
		116C9EA1295CD87A007EFFFE /* Preview Assets.xcassets */ = {isa = PBXFileReference; lastKnownFileType = folder.assetcatalog; path = "Preview Assets.xcassets"; sourceTree = "<group>"; };
		116C9EAC295CE0BF007EFFFE /* EventCardView.swift */ = {isa = PBXFileReference; lastKnownFileType = sourcecode.swift; path = EventCardView.swift; sourceTree = "<group>"; };
		116C9EAE295CE0DC007EFFFE /* Event.swift */ = {isa = PBXFileReference; lastKnownFileType = sourcecode.swift; path = Event.swift; sourceTree = "<group>"; };
		116C9EB0295CE561007EFFFE /* 04ead9dc-5711-4d81-943f-ba9f3bac5c14.ics */ = {isa = PBXFileReference; fileEncoding = 4; lastKnownFileType = text; path = "04ead9dc-5711-4d81-943f-ba9f3bac5c14.ics"; sourceTree = "<group>"; };
		1170BF0B2994EF3E007A07FD /* TimetableWidgetExtension.appex */ = {isa = PBXFileReference; explicitFileType = "wrapper.app-extension"; includeInIndex = 0; path = TimetableWidgetExtension.appex; sourceTree = BUILT_PRODUCTS_DIR; };
		1170BF0F2994EF3E007A07FD /* TimetableWidgetBundle.swift */ = {isa = PBXFileReference; lastKnownFileType = sourcecode.swift; path = TimetableWidgetBundle.swift; sourceTree = "<group>"; };
		1170BF112994EF3E007A07FD /* TimetableWidget.swift */ = {isa = PBXFileReference; lastKnownFileType = sourcecode.swift; path = TimetableWidget.swift; sourceTree = "<group>"; };
		1170BF132994EF3F007A07FD /* Assets.xcassets */ = {isa = PBXFileReference; lastKnownFileType = folder.assetcatalog; path = Assets.xcassets; sourceTree = "<group>"; };
		1170BF152994EF3F007A07FD /* Info.plist */ = {isa = PBXFileReference; lastKnownFileType = text.plist.xml; path = Info.plist; sourceTree = "<group>"; };
		1170BF222994F009007A07FD /* TimetableWidgetExtension.entitlements */ = {isa = PBXFileReference; lastKnownFileType = text.plist.entitlements; path = TimetableWidgetExtension.entitlements; sourceTree = "<group>"; };
		1196B04A29910D6C009B97C9 /* Social Timetable.entitlements */ = {isa = PBXFileReference; lastKnownFileType = text.plist.entitlements; path = "Social Timetable.entitlements"; sourceTree = "<group>"; };
		119B366029686FFB00038389 /* AccountSettingsView.swift */ = {isa = PBXFileReference; lastKnownFileType = sourcecode.swift; path = AccountSettingsView.swift; sourceTree = "<group>"; };
		11A7572B297A623900F8787B /* EventDetailView.swift */ = {isa = PBXFileReference; lastKnownFileType = sourcecode.swift; path = EventDetailView.swift; sourceTree = "<group>"; };
		11A7572D297A918B00F8787B /* FriendsView.swift */ = {isa = PBXFileReference; lastKnownFileType = sourcecode.swift; path = FriendsView.swift; sourceTree = "<group>"; };
		11C1E33D2965DE35002DDD44 /* GoogleService-Info.plist */ = {isa = PBXFileReference; fileEncoding = 4; lastKnownFileType = text.plist.xml; path = "GoogleService-Info.plist"; sourceTree = "<group>"; };
		11C73B302990C87F007856A2 /* Social-Timetable-Info.plist */ = {isa = PBXFileReference; lastKnownFileType = text.plist; path = "Social-Timetable-Info.plist"; sourceTree = SOURCE_ROOT; };
		11F0A312296D347200B35ABE /* DayView.swift */ = {isa = PBXFileReference; lastKnownFileType = sourcecode.swift; path = DayView.swift; sourceTree = "<group>"; };
		11F5A4FB29795AED009D87C2 /* CourseChatsView.swift */ = {isa = PBXFileReference; lastKnownFileType = sourcecode.swift; path = CourseChatsView.swift; sourceTree = "<group>"; };
		20DCC08494CD2432147FD784 /* Pods_Social_Timetable.framework */ = {isa = PBXFileReference; explicitFileType = wrapper.framework; includeInIndex = 0; path = Pods_Social_Timetable.framework; sourceTree = BUILT_PRODUCTS_DIR; };
		A37AD2143B519C4BD9C6894E /* Pods-Social Timetable.debug.xcconfig */ = {isa = PBXFileReference; includeInIndex = 1; lastKnownFileType = text.xcconfig; name = "Pods-Social Timetable.debug.xcconfig"; path = "Target Support Files/Pods-Social Timetable/Pods-Social Timetable.debug.xcconfig"; sourceTree = "<group>"; };
		B3E8217265C92A58D47A798B /* Pods-Social Timetable.release.xcconfig */ = {isa = PBXFileReference; includeInIndex = 1; lastKnownFileType = text.xcconfig; name = "Pods-Social Timetable.release.xcconfig"; path = "Target Support Files/Pods-Social Timetable/Pods-Social Timetable.release.xcconfig"; sourceTree = "<group>"; };
/* End PBXFileReference section */

/* Begin PBXFrameworksBuildPhase section */
		116C9E94295CD879007EFFFE /* Frameworks */ = {
			isa = PBXFrameworksBuildPhase;
			buildActionMask = 2147483647;
			files = (
				A4AC6A66521DC5BD9FD5D5B1 /* Pods_Social_Timetable.framework in Frameworks */,
				1170BF022994EAFC007A07FD /* FirebaseAuth in Frameworks */,
				1194DBF52992182A00D6ADCD /* FacebookCore in Frameworks */,
				1170BF062994EAFC007A07FD /* FirebaseFirestoreSwift in Frameworks */,
				1170BF002994EAFC007A07FD /* FirebaseAnalytics in Frameworks */,
				1194DBF72992182A00D6ADCD /* FacebookLogin in Frameworks */,
				1170BF042994EAFC007A07FD /* FirebaseFirestore in Frameworks */,
			);
			runOnlyForDeploymentPostprocessing = 0;
		};
		1170BF082994EF3E007A07FD /* Frameworks */ = {
			isa = PBXFrameworksBuildPhase;
			buildActionMask = 2147483647;
			files = (
				1170BF212994EF81007A07FD /* FirebaseFirestoreSwift in Frameworks */,
				1170BF0D2994EF3E007A07FD /* SwiftUI.framework in Frameworks */,
				1170BF1F2994EF81007A07FD /* FirebaseFirestore in Frameworks */,
				1170BF1D2994EF81007A07FD /* FirebaseAuth in Frameworks */,
				1170BF0C2994EF3E007A07FD /* WidgetKit.framework in Frameworks */,
			);
			runOnlyForDeploymentPostprocessing = 0;
		};
/* End PBXFrameworksBuildPhase section */

/* Begin PBXGroup section */
		116C9E8E295CD879007EFFFE = {
			isa = PBXGroup;
			children = (
				1170BF222994F009007A07FD /* TimetableWidgetExtension.entitlements */,
				116C9E99295CD879007EFFFE /* Social Timetable */,
				1170BF0E2994EF3E007A07FD /* TimetableWidget */,
				116C9E98295CD879007EFFFE /* Products */,
				F97A2C6493C0096D2C65A797 /* Pods */,
				B9087F35C04022FE28D15321 /* Frameworks */,
			);
			sourceTree = "<group>";
		};
		116C9E98295CD879007EFFFE /* Products */ = {
			isa = PBXGroup;
			children = (
				116C9E97295CD879007EFFFE /* Social Timetable.app */,
				1170BF0B2994EF3E007A07FD /* TimetableWidgetExtension.appex */,
			);
			name = Products;
			sourceTree = "<group>";
		};
		116C9E99295CD879007EFFFE /* Social Timetable */ = {
			isa = PBXGroup;
			children = (
				1196B04A29910D6C009B97C9 /* Social Timetable.entitlements */,
				116C9EB0295CE561007EFFFE /* 04ead9dc-5711-4d81-943f-ba9f3bac5c14.ics */,
				11C1E33D2965DE35002DDD44 /* GoogleService-Info.plist */,
				11C73B302990C87F007856A2 /* Social-Timetable-Info.plist */,
				119B366029686FFB00038389 /* AccountSettingsView.swift */,
				115FAE4529656EEA00F2738A /* AppViewModel.swift */,
				11113BEC29840F88002C9E08 /* ChatBubble.swift */,
				11113BEA2983C353002C9E08 /* ChatView.swift */,
				11113BE82983BF02002C9E08 /* ChatViewModel.swift */,
				114B6A0129682D380020692C /* ContentView.swift */,
				11F5A4FB29795AED009D87C2 /* CourseChatsView.swift */,
				11F0A312296D347200B35ABE /* DayView.swift */,
				116C9EAE295CE0DC007EFFFE /* Event.swift */,
				116C9EAC295CE0BF007EFFFE /* EventCardView.swift */,
				11A7572B297A623900F8787B /* EventDetailView.swift */,
				11A7572D297A918B00F8787B /* FriendsView.swift */,
				114B69FF296813E30020692C /* LoginView.swift */,
				1156CFC52965EDB200FF9732 /* OpenView.swift */,
				114B6A05296845C40020692C /* SettingsView.swift */,
				116C9E9A295CD879007EFFFE /* SocialTimetableApp.swift */,
				11014C9A296868C700DC9ECF /* UploadTimetableView.swift */,
				110DD5C7296B1AE500DAB549 /* User.swift */,
				114B6A032968331C0020692C /* WeekView.swift */,
				116C9E9E295CD87A007EFFFE /* Assets.xcassets */,
				116C9EA0295CD87A007EFFFE /* Preview Content */,
			);
			path = "Social Timetable";
			sourceTree = "<group>";
		};
		116C9EA0295CD87A007EFFFE /* Preview Content */ = {
			isa = PBXGroup;
			children = (
				116C9EA1295CD87A007EFFFE /* Preview Assets.xcassets */,
			);
			path = "Preview Content";
			sourceTree = "<group>";
		};
		1170BF0E2994EF3E007A07FD /* TimetableWidget */ = {
			isa = PBXGroup;
			children = (
				1170BF0F2994EF3E007A07FD /* TimetableWidgetBundle.swift */,
				1170BF112994EF3E007A07FD /* TimetableWidget.swift */,
				1170BF132994EF3F007A07FD /* Assets.xcassets */,
				1170BF152994EF3F007A07FD /* Info.plist */,
			);
			path = TimetableWidget;
			sourceTree = "<group>";
		};
		B9087F35C04022FE28D15321 /* Frameworks */ = {
			isa = PBXGroup;
			children = (
				20DCC08494CD2432147FD784 /* Pods_Social_Timetable.framework */,
				114B2A922994E58000DCE8DC /* WidgetKit.framework */,
				114B2A942994E58000DCE8DC /* SwiftUI.framework */,
			);
			name = Frameworks;
			sourceTree = "<group>";
		};
		F97A2C6493C0096D2C65A797 /* Pods */ = {
			isa = PBXGroup;
			children = (
				A37AD2143B519C4BD9C6894E /* Pods-Social Timetable.debug.xcconfig */,
				B3E8217265C92A58D47A798B /* Pods-Social Timetable.release.xcconfig */,
			);
			path = Pods;
			sourceTree = "<group>";
		};
/* End PBXGroup section */

/* Begin PBXNativeTarget section */
		116C9E96295CD879007EFFFE /* Social Timetable */ = {
			isa = PBXNativeTarget;
			buildConfigurationList = 116C9EA5295CD87A007EFFFE /* Build configuration list for PBXNativeTarget "Social Timetable" */;
			buildPhases = (
				DF8C8E57B033A02740BC02E5 /* [CP] Check Pods Manifest.lock */,
				116C9E93295CD879007EFFFE /* Sources */,
				116C9E94295CD879007EFFFE /* Frameworks */,
				116C9E95295CD879007EFFFE /* Resources */,
				FF51235AF9FDC2A99D5423A5 /* [CP] Embed Pods Frameworks */,
				114B2AA12994E58200DCE8DC /* Embed Foundation Extensions */,
			);
			buildRules = (
			);
			dependencies = (
				1170BF172994EF3F007A07FD /* PBXTargetDependency */,
			);
			name = "Social Timetable";
			packageProductDependencies = (
				1194DBF42992182A00D6ADCD /* FacebookCore */,
				1194DBF62992182A00D6ADCD /* FacebookLogin */,
				1170BEFF2994EAFC007A07FD /* FirebaseAnalytics */,
				1170BF012994EAFC007A07FD /* FirebaseAuth */,
				1170BF032994EAFC007A07FD /* FirebaseFirestore */,
				1170BF052994EAFC007A07FD /* FirebaseFirestoreSwift */,
			);
			productName = "UQ Social Timetable";
			productReference = 116C9E97295CD879007EFFFE /* Social Timetable.app */;
			productType = "com.apple.product-type.application";
		};
		1170BF0A2994EF3E007A07FD /* TimetableWidgetExtension */ = {
			isa = PBXNativeTarget;
			buildConfigurationList = 1170BF192994EF3F007A07FD /* Build configuration list for PBXNativeTarget "TimetableWidgetExtension" */;
			buildPhases = (
				1170BF072994EF3E007A07FD /* Sources */,
				1170BF082994EF3E007A07FD /* Frameworks */,
				1170BF092994EF3E007A07FD /* Resources */,
			);
			buildRules = (
			);
			dependencies = (
			);
			name = TimetableWidgetExtension;
			packageProductDependencies = (
				1170BF1C2994EF81007A07FD /* FirebaseAuth */,
				1170BF1E2994EF81007A07FD /* FirebaseFirestore */,
				1170BF202994EF81007A07FD /* FirebaseFirestoreSwift */,
			);
			productName = TimetableWidgetExtension;
			productReference = 1170BF0B2994EF3E007A07FD /* TimetableWidgetExtension.appex */;
			productType = "com.apple.product-type.app-extension";
		};
/* End PBXNativeTarget section */

/* Begin PBXProject section */
		116C9E8F295CD879007EFFFE /* Project object */ = {
			isa = PBXProject;
			attributes = {
				BuildIndependentTargetsInParallel = 1;
				LastSwiftUpdateCheck = 1420;
				LastUpgradeCheck = 1420;
				TargetAttributes = {
					116C9E96295CD879007EFFFE = {
						CreatedOnToolsVersion = 14.2;
					};
					1170BF0A2994EF3E007A07FD = {
						CreatedOnToolsVersion = 14.2;
					};
				};
			};
			buildConfigurationList = 116C9E92295CD879007EFFFE /* Build configuration list for PBXProject "Social Timetable" */;
			compatibilityVersion = "Xcode 13.0";
			developmentRegion = en;
			hasScannedForEncodings = 0;
			knownRegions = (
				en,
				Base,
			);
			mainGroup = 116C9E8E295CD879007EFFFE;
			packageReferences = (
				110BECB1299162340047EC10 /* XCRemoteSwiftPackageReference "facebook-ios-sdk" */,
				1170BEFE2994EAFC007A07FD /* XCRemoteSwiftPackageReference "firebase-ios-sdk" */,
			);
			productRefGroup = 116C9E98295CD879007EFFFE /* Products */;
			projectDirPath = "";
			projectRoot = "";
			targets = (
				116C9E96295CD879007EFFFE /* Social Timetable */,
				1170BF0A2994EF3E007A07FD /* TimetableWidgetExtension */,
			);
		};
/* End PBXProject section */

/* Begin PBXResourcesBuildPhase section */
		116C9E95295CD879007EFFFE /* Resources */ = {
			isa = PBXResourcesBuildPhase;
			buildActionMask = 2147483647;
			files = (
				116C9EB1295CE561007EFFFE /* 04ead9dc-5711-4d81-943f-ba9f3bac5c14.ics in Resources */,
				116C9EA2295CD87A007EFFFE /* Preview Assets.xcassets in Resources */,
				11C1E33E2965DE35002DDD44 /* GoogleService-Info.plist in Resources */,
				116C9E9F295CD87A007EFFFE /* Assets.xcassets in Resources */,
			);
			runOnlyForDeploymentPostprocessing = 0;
		};
		1170BF092994EF3E007A07FD /* Resources */ = {
			isa = PBXResourcesBuildPhase;
			buildActionMask = 2147483647;
			files = (
				1170BF142994EF3F007A07FD /* Assets.xcassets in Resources */,
				11BC6F5E2994FF6800C38AE4 /* GoogleService-Info.plist in Resources */,
			);
			runOnlyForDeploymentPostprocessing = 0;
		};
/* End PBXResourcesBuildPhase section */

/* Begin PBXShellScriptBuildPhase section */
		DF8C8E57B033A02740BC02E5 /* [CP] Check Pods Manifest.lock */ = {
			isa = PBXShellScriptBuildPhase;
			buildActionMask = 2147483647;
			files = (
			);
			inputFileListPaths = (
			);
			inputPaths = (
				"${PODS_PODFILE_DIR_PATH}/Podfile.lock",
				"${PODS_ROOT}/Manifest.lock",
			);
			name = "[CP] Check Pods Manifest.lock";
			outputFileListPaths = (
			);
			outputPaths = (
				"$(DERIVED_FILE_DIR)/Pods-Social Timetable-checkManifestLockResult.txt",
			);
			runOnlyForDeploymentPostprocessing = 0;
			shellPath = /bin/sh;
			shellScript = "diff \"${PODS_PODFILE_DIR_PATH}/Podfile.lock\" \"${PODS_ROOT}/Manifest.lock\" > /dev/null\nif [ $? != 0 ] ; then\n    # print error to STDERR\n    echo \"error: The sandbox is not in sync with the Podfile.lock. Run 'pod install' or update your CocoaPods installation.\" >&2\n    exit 1\nfi\n# This output is used by Xcode 'outputs' to avoid re-running this script phase.\necho \"SUCCESS\" > \"${SCRIPT_OUTPUT_FILE_0}\"\n";
			showEnvVarsInLog = 0;
		};
		FF51235AF9FDC2A99D5423A5 /* [CP] Embed Pods Frameworks */ = {
			isa = PBXShellScriptBuildPhase;
			buildActionMask = 2147483647;
			files = (
			);
			inputFileListPaths = (
				"${PODS_ROOT}/Target Support Files/Pods-Social Timetable/Pods-Social Timetable-frameworks-${CONFIGURATION}-input-files.xcfilelist",
			);
			name = "[CP] Embed Pods Frameworks";
			outputFileListPaths = (
				"${PODS_ROOT}/Target Support Files/Pods-Social Timetable/Pods-Social Timetable-frameworks-${CONFIGURATION}-output-files.xcfilelist",
			);
			runOnlyForDeploymentPostprocessing = 0;
			shellPath = /bin/sh;
			shellScript = "\"${PODS_ROOT}/Target Support Files/Pods-Social Timetable/Pods-Social Timetable-frameworks.sh\"\n";
			showEnvVarsInLog = 0;
		};
/* End PBXShellScriptBuildPhase section */

/* Begin PBXSourcesBuildPhase section */
		116C9E93295CD879007EFFFE /* Sources */ = {
			isa = PBXSourcesBuildPhase;
			buildActionMask = 2147483647;
			files = (
				11A7572E297A918B00F8787B /* FriendsView.swift in Sources */,
				114B6A06296845C40020692C /* SettingsView.swift in Sources */,
				116C9EAD295CE0BF007EFFFE /* EventCardView.swift in Sources */,
				115FAE4629656EEA00F2738A /* AppViewModel.swift in Sources */,
				11113BEB2983C353002C9E08 /* ChatView.swift in Sources */,
				1156CFC62965EDB200FF9732 /* OpenView.swift in Sources */,
				114B6A00296813E30020692C /* LoginView.swift in Sources */,
				11113BE92983BF02002C9E08 /* ChatViewModel.swift in Sources */,
				114B6A042968331C0020692C /* WeekView.swift in Sources */,
				11113BED29840F88002C9E08 /* ChatBubble.swift in Sources */,
				119B366129686FFB00038389 /* AccountSettingsView.swift in Sources */,
				110DD5C8296B1AE500DAB549 /* User.swift in Sources */,
				11F5A4FC29795AED009D87C2 /* CourseChatsView.swift in Sources */,
				11014C9B296868C700DC9ECF /* UploadTimetableView.swift in Sources */,
				11F0A313296D347200B35ABE /* DayView.swift in Sources */,
				114B6A0229682D380020692C /* ContentView.swift in Sources */,
				11A7572C297A623900F8787B /* EventDetailView.swift in Sources */,
				116C9E9B295CD879007EFFFE /* SocialTimetableApp.swift in Sources */,
				116C9EAF295CE0DC007EFFFE /* Event.swift in Sources */,
			);
			runOnlyForDeploymentPostprocessing = 0;
		};
		1170BF072994EF3E007A07FD /* Sources */ = {
			isa = PBXSourcesBuildPhase;
			buildActionMask = 2147483647;
			files = (
				11BC6F602995034900C38AE4 /* User.swift in Sources */,
				1170BF102994EF3E007A07FD /* TimetableWidgetBundle.swift in Sources */,
				11BC6F5F2995034400C38AE4 /* Event.swift in Sources */,
				1170BF122994EF3E007A07FD /* TimetableWidget.swift in Sources */,
			);
			runOnlyForDeploymentPostprocessing = 0;
		};
/* End PBXSourcesBuildPhase section */

/* Begin PBXTargetDependency section */
		1170BF172994EF3F007A07FD /* PBXTargetDependency */ = {
			isa = PBXTargetDependency;
			target = 1170BF0A2994EF3E007A07FD /* TimetableWidgetExtension */;
			targetProxy = 1170BF162994EF3F007A07FD /* PBXContainerItemProxy */;
		};
/* End PBXTargetDependency section */

/* Begin XCBuildConfiguration section */
		116C9EA3295CD87A007EFFFE /* Debug */ = {
			isa = XCBuildConfiguration;
			buildSettings = {
				ALWAYS_SEARCH_USER_PATHS = NO;
				CLANG_ANALYZER_NONNULL = YES;
				CLANG_ANALYZER_NUMBER_OBJECT_CONVERSION = YES_AGGRESSIVE;
				CLANG_CXX_LANGUAGE_STANDARD = "gnu++20";
				CLANG_ENABLE_MODULES = YES;
				CLANG_ENABLE_OBJC_ARC = YES;
				CLANG_ENABLE_OBJC_WEAK = YES;
				CLANG_WARN_BLOCK_CAPTURE_AUTORELEASING = YES;
				CLANG_WARN_BOOL_CONVERSION = YES;
				CLANG_WARN_COMMA = YES;
				CLANG_WARN_CONSTANT_CONVERSION = YES;
				CLANG_WARN_DEPRECATED_OBJC_IMPLEMENTATIONS = YES;
				CLANG_WARN_DIRECT_OBJC_ISA_USAGE = YES_ERROR;
				CLANG_WARN_DOCUMENTATION_COMMENTS = YES;
				CLANG_WARN_EMPTY_BODY = YES;
				CLANG_WARN_ENUM_CONVERSION = YES;
				CLANG_WARN_INFINITE_RECURSION = YES;
				CLANG_WARN_INT_CONVERSION = YES;
				CLANG_WARN_NON_LITERAL_NULL_CONVERSION = YES;
				CLANG_WARN_OBJC_IMPLICIT_RETAIN_SELF = YES;
				CLANG_WARN_OBJC_LITERAL_CONVERSION = YES;
				CLANG_WARN_OBJC_ROOT_CLASS = YES_ERROR;
				CLANG_WARN_QUOTED_INCLUDE_IN_FRAMEWORK_HEADER = YES;
				CLANG_WARN_RANGE_LOOP_ANALYSIS = YES;
				CLANG_WARN_STRICT_PROTOTYPES = YES;
				CLANG_WARN_SUSPICIOUS_MOVE = YES;
				CLANG_WARN_UNGUARDED_AVAILABILITY = YES_AGGRESSIVE;
				CLANG_WARN_UNREACHABLE_CODE = YES;
				CLANG_WARN__DUPLICATE_METHOD_MATCH = YES;
				COPY_PHASE_STRIP = NO;
				DEBUG_INFORMATION_FORMAT = dwarf;
				ENABLE_STRICT_OBJC_MSGSEND = YES;
				ENABLE_TESTABILITY = YES;
				GCC_C_LANGUAGE_STANDARD = gnu11;
				GCC_DYNAMIC_NO_PIC = NO;
				GCC_NO_COMMON_BLOCKS = YES;
				GCC_OPTIMIZATION_LEVEL = 0;
				GCC_PREPROCESSOR_DEFINITIONS = (
					"DEBUG=1",
					"$(inherited)",
				);
				GCC_WARN_64_TO_32_BIT_CONVERSION = YES;
				GCC_WARN_ABOUT_RETURN_TYPE = YES_ERROR;
				GCC_WARN_UNDECLARED_SELECTOR = YES;
				GCC_WARN_UNINITIALIZED_AUTOS = YES_AGGRESSIVE;
				GCC_WARN_UNUSED_FUNCTION = YES;
				GCC_WARN_UNUSED_VARIABLE = YES;
				IPHONEOS_DEPLOYMENT_TARGET = 16.0;
				MTL_ENABLE_DEBUG_INFO = INCLUDE_SOURCE;
				MTL_FAST_MATH = YES;
				ONLY_ACTIVE_ARCH = YES;
				SDKROOT = iphoneos;
				SWIFT_ACTIVE_COMPILATION_CONDITIONS = DEBUG;
				SWIFT_OPTIMIZATION_LEVEL = "-Onone";
			};
			name = Debug;
		};
		116C9EA4295CD87A007EFFFE /* Release */ = {
			isa = XCBuildConfiguration;
			buildSettings = {
				ALWAYS_SEARCH_USER_PATHS = NO;
				CLANG_ANALYZER_NONNULL = YES;
				CLANG_ANALYZER_NUMBER_OBJECT_CONVERSION = YES_AGGRESSIVE;
				CLANG_CXX_LANGUAGE_STANDARD = "gnu++20";
				CLANG_ENABLE_MODULES = YES;
				CLANG_ENABLE_OBJC_ARC = YES;
				CLANG_ENABLE_OBJC_WEAK = YES;
				CLANG_WARN_BLOCK_CAPTURE_AUTORELEASING = YES;
				CLANG_WARN_BOOL_CONVERSION = YES;
				CLANG_WARN_COMMA = YES;
				CLANG_WARN_CONSTANT_CONVERSION = YES;
				CLANG_WARN_DEPRECATED_OBJC_IMPLEMENTATIONS = YES;
				CLANG_WARN_DIRECT_OBJC_ISA_USAGE = YES_ERROR;
				CLANG_WARN_DOCUMENTATION_COMMENTS = YES;
				CLANG_WARN_EMPTY_BODY = YES;
				CLANG_WARN_ENUM_CONVERSION = YES;
				CLANG_WARN_INFINITE_RECURSION = YES;
				CLANG_WARN_INT_CONVERSION = YES;
				CLANG_WARN_NON_LITERAL_NULL_CONVERSION = YES;
				CLANG_WARN_OBJC_IMPLICIT_RETAIN_SELF = YES;
				CLANG_WARN_OBJC_LITERAL_CONVERSION = YES;
				CLANG_WARN_OBJC_ROOT_CLASS = YES_ERROR;
				CLANG_WARN_QUOTED_INCLUDE_IN_FRAMEWORK_HEADER = YES;
				CLANG_WARN_RANGE_LOOP_ANALYSIS = YES;
				CLANG_WARN_STRICT_PROTOTYPES = YES;
				CLANG_WARN_SUSPICIOUS_MOVE = YES;
				CLANG_WARN_UNGUARDED_AVAILABILITY = YES_AGGRESSIVE;
				CLANG_WARN_UNREACHABLE_CODE = YES;
				CLANG_WARN__DUPLICATE_METHOD_MATCH = YES;
				COPY_PHASE_STRIP = NO;
				DEBUG_INFORMATION_FORMAT = "dwarf-with-dsym";
				ENABLE_NS_ASSERTIONS = NO;
				ENABLE_STRICT_OBJC_MSGSEND = YES;
				GCC_C_LANGUAGE_STANDARD = gnu11;
				GCC_NO_COMMON_BLOCKS = YES;
				GCC_WARN_64_TO_32_BIT_CONVERSION = YES;
				GCC_WARN_ABOUT_RETURN_TYPE = YES_ERROR;
				GCC_WARN_UNDECLARED_SELECTOR = YES;
				GCC_WARN_UNINITIALIZED_AUTOS = YES_AGGRESSIVE;
				GCC_WARN_UNUSED_FUNCTION = YES;
				GCC_WARN_UNUSED_VARIABLE = YES;
				IPHONEOS_DEPLOYMENT_TARGET = 16.0;
				MTL_ENABLE_DEBUG_INFO = NO;
				MTL_FAST_MATH = YES;
				SDKROOT = iphoneos;
				SWIFT_COMPILATION_MODE = wholemodule;
				SWIFT_OPTIMIZATION_LEVEL = "-O";
				VALIDATE_PRODUCT = YES;
			};
			name = Release;
		};
		116C9EA6295CD87A007EFFFE /* Debug */ = {
			isa = XCBuildConfiguration;
			baseConfigurationReference = A37AD2143B519C4BD9C6894E /* Pods-Social Timetable.debug.xcconfig */;
			buildSettings = {
				ALWAYS_EMBED_SWIFT_STANDARD_LIBRARIES = YES;
				ASSETCATALOG_COMPILER_APPICON_NAME = AppIcon;
				ASSETCATALOG_COMPILER_GLOBAL_ACCENT_COLOR_NAME = AccentColor;
				CODE_SIGN_ENTITLEMENTS = "Social Timetable/Social Timetable.entitlements";
				CODE_SIGN_STYLE = Automatic;
				CURRENT_PROJECT_VERSION = 1;
				DEVELOPMENT_ASSET_PATHS = "\"Social Timetable/Preview Content\"";
				DEVELOPMENT_TEAM = YCX9JB227S;
				ENABLE_PREVIEWS = YES;
				GENERATE_INFOPLIST_FILE = YES;
				INFOPLIST_FILE = "Social-Timetable-Info.plist";
				INFOPLIST_KEY_CFBundleDisplayName = "Social Timetable";
				INFOPLIST_KEY_UIApplicationSceneManifest_Generation = YES;
				INFOPLIST_KEY_UIApplicationSupportsIndirectInputEvents = YES;
				INFOPLIST_KEY_UILaunchScreen_Generation = YES;
				INFOPLIST_KEY_UIStatusBarStyle = "";
				INFOPLIST_KEY_UISupportedInterfaceOrientations = "UIInterfaceOrientationLandscapeLeft UIInterfaceOrientationLandscapeRight UIInterfaceOrientationPortrait";
				IPHONEOS_DEPLOYMENT_TARGET = 16.0;
				LD_RUNPATH_SEARCH_PATHS = (
					"$(inherited)",
					"@executable_path/Frameworks",
				);
				MARKETING_VERSION = 1.0;
				PRODUCT_BUNDLE_IDENTIFIER = "com.hughdrummond.Social-Timetable";
				PRODUCT_NAME = "$(TARGET_NAME)";
				SWIFT_EMIT_LOC_STRINGS = YES;
				SWIFT_VERSION = 5.0;
				TARGETED_DEVICE_FAMILY = "1,2";
			};
			name = Debug;
		};
		116C9EA7295CD87A007EFFFE /* Release */ = {
			isa = XCBuildConfiguration;
			baseConfigurationReference = B3E8217265C92A58D47A798B /* Pods-Social Timetable.release.xcconfig */;
			buildSettings = {
				ALWAYS_EMBED_SWIFT_STANDARD_LIBRARIES = YES;
				ASSETCATALOG_COMPILER_APPICON_NAME = AppIcon;
				ASSETCATALOG_COMPILER_GLOBAL_ACCENT_COLOR_NAME = AccentColor;
				CODE_SIGN_ENTITLEMENTS = "Social Timetable/Social Timetable.entitlements";
				CODE_SIGN_STYLE = Automatic;
				CURRENT_PROJECT_VERSION = 1;
				DEVELOPMENT_ASSET_PATHS = "\"Social Timetable/Preview Content\"";
				DEVELOPMENT_TEAM = YCX9JB227S;
				ENABLE_PREVIEWS = YES;
				GENERATE_INFOPLIST_FILE = YES;
				INFOPLIST_FILE = "Social-Timetable-Info.plist";
				INFOPLIST_KEY_CFBundleDisplayName = "Social Timetable";
				INFOPLIST_KEY_UIApplicationSceneManifest_Generation = YES;
				INFOPLIST_KEY_UIApplicationSupportsIndirectInputEvents = YES;
				INFOPLIST_KEY_UILaunchScreen_Generation = YES;
				INFOPLIST_KEY_UIStatusBarStyle = "";
				INFOPLIST_KEY_UISupportedInterfaceOrientations = "UIInterfaceOrientationLandscapeLeft UIInterfaceOrientationLandscapeRight UIInterfaceOrientationPortrait";
				IPHONEOS_DEPLOYMENT_TARGET = 16.0;
				LD_RUNPATH_SEARCH_PATHS = (
					"$(inherited)",
					"@executable_path/Frameworks",
				);
				MARKETING_VERSION = 1.0;
				PRODUCT_BUNDLE_IDENTIFIER = "com.hughdrummond.Social-Timetable";
				PRODUCT_NAME = "$(TARGET_NAME)";
				SWIFT_EMIT_LOC_STRINGS = YES;
				SWIFT_VERSION = 5.0;
				TARGETED_DEVICE_FAMILY = "1,2";
			};
			name = Release;
		};
		1170BF1A2994EF3F007A07FD /* Debug */ = {
			isa = XCBuildConfiguration;
			buildSettings = {
				ASSETCATALOG_COMPILER_GLOBAL_ACCENT_COLOR_NAME = AccentColor;
				ASSETCATALOG_COMPILER_WIDGET_BACKGROUND_COLOR_NAME = WidgetBackground;
				CODE_SIGN_ENTITLEMENTS = TimetableWidgetExtension.entitlements;
				CODE_SIGN_STYLE = Automatic;
				CURRENT_PROJECT_VERSION = 1;
				DEVELOPMENT_TEAM = YCX9JB227S;
				GENERATE_INFOPLIST_FILE = YES;
				INFOPLIST_FILE = TimetableWidget/Info.plist;
				INFOPLIST_KEY_CFBundleDisplayName = TimetableWidget;
				INFOPLIST_KEY_NSHumanReadableCopyright = "";
				IPHONEOS_DEPLOYMENT_TARGET = 16.0;
				LD_RUNPATH_SEARCH_PATHS = (
					"$(inherited)",
					"@executable_path/Frameworks",
					"@executable_path/../../Frameworks",
				);
				MARKETING_VERSION = 1.0;
				PRODUCT_BUNDLE_IDENTIFIER = "com.hughdrummond.Social-Timetable.TimetableWidget";
				PRODUCT_NAME = "$(TARGET_NAME)";
				SKIP_INSTALL = YES;
				SWIFT_EMIT_LOC_STRINGS = YES;
				SWIFT_VERSION = 5.0;
				TARGETED_DEVICE_FAMILY = "1,2";
			};
			name = Debug;
		};
		1170BF1B2994EF3F007A07FD /* Release */ = {
			isa = XCBuildConfiguration;
			buildSettings = {
				ASSETCATALOG_COMPILER_GLOBAL_ACCENT_COLOR_NAME = AccentColor;
				ASSETCATALOG_COMPILER_WIDGET_BACKGROUND_COLOR_NAME = WidgetBackground;
				CODE_SIGN_ENTITLEMENTS = TimetableWidgetExtension.entitlements;
				CODE_SIGN_STYLE = Automatic;
				CURRENT_PROJECT_VERSION = 1;
				DEVELOPMENT_TEAM = YCX9JB227S;
				GENERATE_INFOPLIST_FILE = YES;
				INFOPLIST_FILE = TimetableWidget/Info.plist;
				INFOPLIST_KEY_CFBundleDisplayName = TimetableWidget;
				INFOPLIST_KEY_NSHumanReadableCopyright = "";
				IPHONEOS_DEPLOYMENT_TARGET = 16.0;
				LD_RUNPATH_SEARCH_PATHS = (
					"$(inherited)",
					"@executable_path/Frameworks",
					"@executable_path/../../Frameworks",
				);
				MARKETING_VERSION = 1.0;
				PRODUCT_BUNDLE_IDENTIFIER = "com.hughdrummond.Social-Timetable.TimetableWidget";
				PRODUCT_NAME = "$(TARGET_NAME)";
				SKIP_INSTALL = YES;
				SWIFT_EMIT_LOC_STRINGS = YES;
				SWIFT_VERSION = 5.0;
				TARGETED_DEVICE_FAMILY = "1,2";
			};
			name = Release;
		};
/* End XCBuildConfiguration section */

/* Begin XCConfigurationList section */
		116C9E92295CD879007EFFFE /* Build configuration list for PBXProject "Social Timetable" */ = {
			isa = XCConfigurationList;
			buildConfigurations = (
				116C9EA3295CD87A007EFFFE /* Debug */,
				116C9EA4295CD87A007EFFFE /* Release */,
			);
			defaultConfigurationIsVisible = 0;
			defaultConfigurationName = Release;
		};
		116C9EA5295CD87A007EFFFE /* Build configuration list for PBXNativeTarget "Social Timetable" */ = {
			isa = XCConfigurationList;
			buildConfigurations = (
				116C9EA6295CD87A007EFFFE /* Debug */,
				116C9EA7295CD87A007EFFFE /* Release */,
			);
			defaultConfigurationIsVisible = 0;
			defaultConfigurationName = Release;
		};
		1170BF192994EF3F007A07FD /* Build configuration list for PBXNativeTarget "TimetableWidgetExtension" */ = {
			isa = XCConfigurationList;
			buildConfigurations = (
				1170BF1A2994EF3F007A07FD /* Debug */,
				1170BF1B2994EF3F007A07FD /* Release */,
			);
			defaultConfigurationIsVisible = 0;
			defaultConfigurationName = Release;
		};
/* End XCConfigurationList section */

/* Begin XCRemoteSwiftPackageReference section */
		110BECB1299162340047EC10 /* XCRemoteSwiftPackageReference "facebook-ios-sdk" */ = {
			isa = XCRemoteSwiftPackageReference;
			repositoryURL = "https://github.com/facebook/facebook-ios-sdk";
			requirement = {
				kind = upToNextMajorVersion;
				minimumVersion = 9.0.0;
			};
		};
		1170BEFE2994EAFC007A07FD /* XCRemoteSwiftPackageReference "firebase-ios-sdk" */ = {
			isa = XCRemoteSwiftPackageReference;
			repositoryURL = "https://github.com/firebase/firebase-ios-sdk.git";
			requirement = {
				kind = upToNextMajorVersion;
				minimumVersion = 9.0.0;
			};
		};
/* End XCRemoteSwiftPackageReference section */

/* Begin XCSwiftPackageProductDependency section */
		1170BEFF2994EAFC007A07FD /* FirebaseAnalytics */ = {
			isa = XCSwiftPackageProductDependency;
			package = 1170BEFE2994EAFC007A07FD /* XCRemoteSwiftPackageReference "firebase-ios-sdk" */;
			productName = FirebaseAnalytics;
		};
		1170BF012994EAFC007A07FD /* FirebaseAuth */ = {
			isa = XCSwiftPackageProductDependency;
			package = 1170BEFE2994EAFC007A07FD /* XCRemoteSwiftPackageReference "firebase-ios-sdk" */;
			productName = FirebaseAuth;
		};
		1170BF032994EAFC007A07FD /* FirebaseFirestore */ = {
			isa = XCSwiftPackageProductDependency;
			package = 1170BEFE2994EAFC007A07FD /* XCRemoteSwiftPackageReference "firebase-ios-sdk" */;
			productName = FirebaseFirestore;
		};
		1170BF052994EAFC007A07FD /* FirebaseFirestoreSwift */ = {
			isa = XCSwiftPackageProductDependency;
			package = 1170BEFE2994EAFC007A07FD /* XCRemoteSwiftPackageReference "firebase-ios-sdk" */;
			productName = FirebaseFirestoreSwift;
		};
		1170BF1C2994EF81007A07FD /* FirebaseAuth */ = {
			isa = XCSwiftPackageProductDependency;
			package = 1170BEFE2994EAFC007A07FD /* XCRemoteSwiftPackageReference "firebase-ios-sdk" */;
			productName = FirebaseAuth;
		};
		1170BF1E2994EF81007A07FD /* FirebaseFirestore */ = {
			isa = XCSwiftPackageProductDependency;
			package = 1170BEFE2994EAFC007A07FD /* XCRemoteSwiftPackageReference "firebase-ios-sdk" */;
			productName = FirebaseFirestore;
		};
		1170BF202994EF81007A07FD /* FirebaseFirestoreSwift */ = {
			isa = XCSwiftPackageProductDependency;
			package = 1170BEFE2994EAFC007A07FD /* XCRemoteSwiftPackageReference "firebase-ios-sdk" */;
			productName = FirebaseFirestoreSwift;
		};
		1194DBF42992182A00D6ADCD /* FacebookCore */ = {
			isa = XCSwiftPackageProductDependency;
			package = 110BECB1299162340047EC10 /* XCRemoteSwiftPackageReference "facebook-ios-sdk" */;
			productName = FacebookCore;
		};
		1194DBF62992182A00D6ADCD /* FacebookLogin */ = {
			isa = XCSwiftPackageProductDependency;
			package = 110BECB1299162340047EC10 /* XCRemoteSwiftPackageReference "facebook-ios-sdk" */;
			productName = FacebookLogin;
		};
/* End XCSwiftPackageProductDependency section */
	};
	rootObject = 116C9E8F295CD879007EFFFE /* Project object */;
}
