// !$*UTF8*$!
{
	archiveVersion = 1;
	classes = {
	};
	objectVersion = 55;
	objects = {

/* Begin PBXBuildFile section */
		11014C9B296868C700DC9ECF /* UploadTimetableView.swift in Sources */ = {isa = PBXBuildFile; fileRef = 11014C9A296868C700DC9ECF /* UploadTimetableView.swift */; };
		110DD5C8296B1AE500DAB549 /* User.swift in Sources */ = {isa = PBXBuildFile; fileRef = 110DD5C7296B1AE500DAB549 /* User.swift */; };
		114B6A00296813E30020692C /* LoginView.swift in Sources */ = {isa = PBXBuildFile; fileRef = 114B69FF296813E30020692C /* LoginView.swift */; };
		114B6A0229682D380020692C /* ContentView.swift in Sources */ = {isa = PBXBuildFile; fileRef = 114B6A0129682D380020692C /* ContentView.swift */; };
		114B6A042968331C0020692C /* WeekView.swift in Sources */ = {isa = PBXBuildFile; fileRef = 114B6A032968331C0020692C /* WeekView.swift */; };
		114B6A06296845C40020692C /* SettingsView.swift in Sources */ = {isa = PBXBuildFile; fileRef = 114B6A05296845C40020692C /* SettingsView.swift */; };
		1156CFC62965EDB200FF9732 /* OpenView.swift in Sources */ = {isa = PBXBuildFile; fileRef = 1156CFC52965EDB200FF9732 /* OpenView.swift */; };
		115FAE4629656EEA00F2738A /* AppViewModel.swift in Sources */ = {isa = PBXBuildFile; fileRef = 115FAE4529656EEA00F2738A /* AppViewModel.swift */; };
		116C9E9B295CD879007EFFFE /* SocialTimetableApp.swift in Sources */ = {isa = PBXBuildFile; fileRef = 116C9E9A295CD879007EFFFE /* SocialTimetableApp.swift */; };
		116C9E9F295CD87A007EFFFE /* Assets.xcassets in Resources */ = {isa = PBXBuildFile; fileRef = 116C9E9E295CD87A007EFFFE /* Assets.xcassets */; };
		116C9EA2295CD87A007EFFFE /* Preview Assets.xcassets in Resources */ = {isa = PBXBuildFile; fileRef = 116C9EA1295CD87A007EFFFE /* Preview Assets.xcassets */; };
		116C9EAB295CE062007EFFFE /* MonthView.swift in Sources */ = {isa = PBXBuildFile; fileRef = 116C9EAA295CE062007EFFFE /* MonthView.swift */; };
		116C9EAD295CE0BF007EFFFE /* EventDetailView.swift in Sources */ = {isa = PBXBuildFile; fileRef = 116C9EAC295CE0BF007EFFFE /* EventDetailView.swift */; };
		116C9EAF295CE0DC007EFFFE /* Event.swift in Sources */ = {isa = PBXBuildFile; fileRef = 116C9EAE295CE0DC007EFFFE /* Event.swift */; };
		116C9EB1295CE561007EFFFE /* 04ead9dc-5711-4d81-943f-ba9f3bac5c14.ics in Resources */ = {isa = PBXBuildFile; fileRef = 116C9EB0295CE561007EFFFE /* 04ead9dc-5711-4d81-943f-ba9f3bac5c14.ics */; };
		116C9EB3295CE680007EFFFE /* calendar.ics in Resources */ = {isa = PBXBuildFile; fileRef = 116C9EB2295CE680007EFFFE /* calendar.ics */; };
		119B366129686FFB00038389 /* AccountSettingsView.swift in Sources */ = {isa = PBXBuildFile; fileRef = 119B366029686FFB00038389 /* AccountSettingsView.swift */; };
		11C1E33E2965DE35002DDD44 /* GoogleService-Info.plist in Resources */ = {isa = PBXBuildFile; fileRef = 11C1E33D2965DE35002DDD44 /* GoogleService-Info.plist */; };
		11CD2219296D251600CDB2F3 /* ScrollSlidingTabBar.swift in Sources */ = {isa = PBXBuildFile; fileRef = 11CD2218296D251600CDB2F3 /* ScrollSlidingTabBar.swift */; };
		11CD221B296D257F00CDB2F3 /* FrameReader.swift in Sources */ = {isa = PBXBuildFile; fileRef = 11CD221A296D257F00CDB2F3 /* FrameReader.swift */; };
		11D8D6072961ADE900F20463 /* DayGridView.swift in Sources */ = {isa = PBXBuildFile; fileRef = 11D8D6062961ADE900F20463 /* DayGridView.swift */; };
		11F0A313296D347200B35ABE /* DayView.swift in Sources */ = {isa = PBXBuildFile; fileRef = 11F0A312296D347200B35ABE /* DayView.swift */; };
		11FBC7D7295F2DBB00D4588A /* YearView.swift in Sources */ = {isa = PBXBuildFile; fileRef = 11FBC7D6295F2DBB00D4588A /* YearView.swift */; };
		A4AC6A66521DC5BD9FD5D5B1 /* Pods_Social_Timetable.framework in Frameworks */ = {isa = PBXBuildFile; fileRef = 20DCC08494CD2432147FD784 /* Pods_Social_Timetable.framework */; };
/* End PBXBuildFile section */

/* Begin PBXFileReference section */
		11014C9A296868C700DC9ECF /* UploadTimetableView.swift */ = {isa = PBXFileReference; lastKnownFileType = sourcecode.swift; path = UploadTimetableView.swift; sourceTree = "<group>"; };
		110DD5C7296B1AE500DAB549 /* User.swift */ = {isa = PBXFileReference; lastKnownFileType = sourcecode.swift; path = User.swift; sourceTree = "<group>"; };
		114B69FF296813E30020692C /* LoginView.swift */ = {isa = PBXFileReference; lastKnownFileType = sourcecode.swift; path = LoginView.swift; sourceTree = "<group>"; };
		114B6A0129682D380020692C /* ContentView.swift */ = {isa = PBXFileReference; lastKnownFileType = sourcecode.swift; path = ContentView.swift; sourceTree = "<group>"; };
		114B6A032968331C0020692C /* WeekView.swift */ = {isa = PBXFileReference; lastKnownFileType = sourcecode.swift; path = WeekView.swift; sourceTree = "<group>"; };
		114B6A05296845C40020692C /* SettingsView.swift */ = {isa = PBXFileReference; lastKnownFileType = sourcecode.swift; path = SettingsView.swift; sourceTree = "<group>"; };
		1156CFC52965EDB200FF9732 /* OpenView.swift */ = {isa = PBXFileReference; lastKnownFileType = sourcecode.swift; path = OpenView.swift; sourceTree = "<group>"; };
		115FAE4529656EEA00F2738A /* AppViewModel.swift */ = {isa = PBXFileReference; lastKnownFileType = sourcecode.swift; path = AppViewModel.swift; sourceTree = "<group>"; };
		116C9E97295CD879007EFFFE /* Social Timetable.app */ = {isa = PBXFileReference; explicitFileType = wrapper.application; includeInIndex = 0; path = "Social Timetable.app"; sourceTree = BUILT_PRODUCTS_DIR; };
		116C9E9A295CD879007EFFFE /* SocialTimetableApp.swift */ = {isa = PBXFileReference; lastKnownFileType = sourcecode.swift; path = SocialTimetableApp.swift; sourceTree = "<group>"; };
		116C9E9E295CD87A007EFFFE /* Assets.xcassets */ = {isa = PBXFileReference; lastKnownFileType = folder.assetcatalog; path = Assets.xcassets; sourceTree = "<group>"; };
		116C9EA1295CD87A007EFFFE /* Preview Assets.xcassets */ = {isa = PBXFileReference; lastKnownFileType = folder.assetcatalog; path = "Preview Assets.xcassets"; sourceTree = "<group>"; };
		116C9EAA295CE062007EFFFE /* MonthView.swift */ = {isa = PBXFileReference; lastKnownFileType = sourcecode.swift; path = MonthView.swift; sourceTree = "<group>"; };
		116C9EAC295CE0BF007EFFFE /* EventDetailView.swift */ = {isa = PBXFileReference; lastKnownFileType = sourcecode.swift; path = EventDetailView.swift; sourceTree = "<group>"; };
		116C9EAE295CE0DC007EFFFE /* Event.swift */ = {isa = PBXFileReference; lastKnownFileType = sourcecode.swift; path = Event.swift; sourceTree = "<group>"; };
		116C9EB0295CE561007EFFFE /* 04ead9dc-5711-4d81-943f-ba9f3bac5c14.ics */ = {isa = PBXFileReference; fileEncoding = 4; lastKnownFileType = text; path = "04ead9dc-5711-4d81-943f-ba9f3bac5c14.ics"; sourceTree = "<group>"; };
		116C9EB2295CE680007EFFFE /* calendar.ics */ = {isa = PBXFileReference; lastKnownFileType = text; path = calendar.ics; sourceTree = "<group>"; };
		119B366029686FFB00038389 /* AccountSettingsView.swift */ = {isa = PBXFileReference; lastKnownFileType = sourcecode.swift; path = AccountSettingsView.swift; sourceTree = "<group>"; };
		11C1E33D2965DE35002DDD44 /* GoogleService-Info.plist */ = {isa = PBXFileReference; fileEncoding = 4; lastKnownFileType = text.plist.xml; path = "GoogleService-Info.plist"; sourceTree = "<group>"; };
		11CD2218296D251600CDB2F3 /* ScrollSlidingTabBar.swift */ = {isa = PBXFileReference; lastKnownFileType = sourcecode.swift; path = ScrollSlidingTabBar.swift; sourceTree = "<group>"; };
		11CD221A296D257F00CDB2F3 /* FrameReader.swift */ = {isa = PBXFileReference; lastKnownFileType = sourcecode.swift; path = FrameReader.swift; sourceTree = "<group>"; };
		11D8D6062961ADE900F20463 /* DayGridView.swift */ = {isa = PBXFileReference; lastKnownFileType = sourcecode.swift; path = DayGridView.swift; sourceTree = "<group>"; };
		11F0A312296D347200B35ABE /* DayView.swift */ = {isa = PBXFileReference; lastKnownFileType = sourcecode.swift; path = DayView.swift; sourceTree = "<group>"; };
		11FBC7D6295F2DBB00D4588A /* YearView.swift */ = {isa = PBXFileReference; lastKnownFileType = sourcecode.swift; path = YearView.swift; sourceTree = "<group>"; };
		20DCC08494CD2432147FD784 /* Pods_Social_Timetable.framework */ = {isa = PBXFileReference; explicitFileType = wrapper.framework; includeInIndex = 0; path = Pods_Social_Timetable.framework; sourceTree = BUILT_PRODUCTS_DIR; };
		A37AD2143B519C4BD9C6894E /* Pods-Social Timetable.debug.xcconfig */ = {isa = PBXFileReference; includeInIndex = 1; lastKnownFileType = text.xcconfig; name = "Pods-Social Timetable.debug.xcconfig"; path = "Target Support Files/Pods-Social Timetable/Pods-Social Timetable.debug.xcconfig"; sourceTree = "<group>"; };
		B3E8217265C92A58D47A798B /* Pods-Social Timetable.release.xcconfig */ = {isa = PBXFileReference; includeInIndex = 1; lastKnownFileType = text.xcconfig; name = "Pods-Social Timetable.release.xcconfig"; path = "Target Support Files/Pods-Social Timetable/Pods-Social Timetable.release.xcconfig"; sourceTree = "<group>"; };
/* End PBXFileReference section */

/* Begin PBXFrameworksBuildPhase section */
		116C9E94295CD879007EFFFE /* Frameworks */ = {
			isa = PBXFrameworksBuildPhase;
			buildActionMask = 2147483647;
			files = (
				A4AC6A66521DC5BD9FD5D5B1 /* Pods_Social_Timetable.framework in Frameworks */,
			);
			runOnlyForDeploymentPostprocessing = 0;
		};
/* End PBXFrameworksBuildPhase section */

/* Begin PBXGroup section */
		116C9E8E295CD879007EFFFE = {
			isa = PBXGroup;
			children = (
				116C9E99295CD879007EFFFE /* Social Timetable */,
				116C9E98295CD879007EFFFE /* Products */,
				F97A2C6493C0096D2C65A797 /* Pods */,
				B9087F35C04022FE28D15321 /* Frameworks */,
			);
			sourceTree = "<group>";
		};
		116C9E98295CD879007EFFFE /* Products */ = {
			isa = PBXGroup;
			children = (
				116C9E97295CD879007EFFFE /* Social Timetable.app */,
			);
			name = Products;
			sourceTree = "<group>";
		};
		116C9E99295CD879007EFFFE /* Social Timetable */ = {
			isa = PBXGroup;
			children = (
				116C9EAC295CE0BF007EFFFE /* EventDetailView.swift */,
				11C1E33D2965DE35002DDD44 /* GoogleService-Info.plist */,
				116C9EB0295CE561007EFFFE /* 04ead9dc-5711-4d81-943f-ba9f3bac5c14.ics */,
				116C9E9A295CD879007EFFFE /* SocialTimetableApp.swift */,
				116C9E9E295CD87A007EFFFE /* Assets.xcassets */,
				116C9EA0295CD87A007EFFFE /* Preview Content */,
				116C9EAA295CE062007EFFFE /* MonthView.swift */,
				116C9EAE295CE0DC007EFFFE /* Event.swift */,
				116C9EB2295CE680007EFFFE /* calendar.ics */,
				11FBC7D6295F2DBB00D4588A /* YearView.swift */,
				11D8D6062961ADE900F20463 /* DayGridView.swift */,
				115FAE4529656EEA00F2738A /* AppViewModel.swift */,
				1156CFC52965EDB200FF9732 /* OpenView.swift */,
				114B69FF296813E30020692C /* LoginView.swift */,
				114B6A0129682D380020692C /* ContentView.swift */,
				114B6A032968331C0020692C /* WeekView.swift */,
				114B6A05296845C40020692C /* SettingsView.swift */,
				11014C9A296868C700DC9ECF /* UploadTimetableView.swift */,
				119B366029686FFB00038389 /* AccountSettingsView.swift */,
				110DD5C7296B1AE500DAB549 /* User.swift */,
				11CD2218296D251600CDB2F3 /* ScrollSlidingTabBar.swift */,
				11CD221A296D257F00CDB2F3 /* FrameReader.swift */,
				11F0A312296D347200B35ABE /* DayView.swift */,
			);
			path = "Social Timetable";
			sourceTree = "<group>";
		};
		116C9EA0295CD87A007EFFFE /* Preview Content */ = {
			isa = PBXGroup;
			children = (
				116C9EA1295CD87A007EFFFE /* Preview Assets.xcassets */,
			);
			path = "Preview Content";
			sourceTree = "<group>";
		};
		B9087F35C04022FE28D15321 /* Frameworks */ = {
			isa = PBXGroup;
			children = (
				20DCC08494CD2432147FD784 /* Pods_Social_Timetable.framework */,
			);
			name = Frameworks;
			sourceTree = "<group>";
		};
		F97A2C6493C0096D2C65A797 /* Pods */ = {
			isa = PBXGroup;
			children = (
				A37AD2143B519C4BD9C6894E /* Pods-Social Timetable.debug.xcconfig */,
				B3E8217265C92A58D47A798B /* Pods-Social Timetable.release.xcconfig */,
			);
			path = Pods;
			sourceTree = "<group>";
		};
/* End PBXGroup section */

/* Begin PBXNativeTarget section */
		116C9E96295CD879007EFFFE /* Social Timetable */ = {
			isa = PBXNativeTarget;
			buildConfigurationList = 116C9EA5295CD87A007EFFFE /* Build configuration list for PBXNativeTarget "Social Timetable" */;
			buildPhases = (
				DF8C8E57B033A02740BC02E5 /* [CP] Check Pods Manifest.lock */,
				116C9E93295CD879007EFFFE /* Sources */,
				116C9E94295CD879007EFFFE /* Frameworks */,
				116C9E95295CD879007EFFFE /* Resources */,
				FF51235AF9FDC2A99D5423A5 /* [CP] Embed Pods Frameworks */,
			);
			buildRules = (
			);
			dependencies = (
			);
			name = "Social Timetable";
			productName = "UQ Social Timetable";
			productReference = 116C9E97295CD879007EFFFE /* Social Timetable.app */;
			productType = "com.apple.product-type.application";
		};
/* End PBXNativeTarget section */

/* Begin PBXProject section */
		116C9E8F295CD879007EFFFE /* Project object */ = {
			isa = PBXProject;
			attributes = {
				BuildIndependentTargetsInParallel = 1;
				LastSwiftUpdateCheck = 1420;
				LastUpgradeCheck = 1420;
				TargetAttributes = {
					116C9E96295CD879007EFFFE = {
						CreatedOnToolsVersion = 14.2;
					};
				};
			};
			buildConfigurationList = 116C9E92295CD879007EFFFE /* Build configuration list for PBXProject "Social Timetable" */;
			compatibilityVersion = "Xcode 13.0";
			developmentRegion = en;
			hasScannedForEncodings = 0;
			knownRegions = (
				en,
				Base,
			);
			mainGroup = 116C9E8E295CD879007EFFFE;
			productRefGroup = 116C9E98295CD879007EFFFE /* Products */;
			projectDirPath = "";
			projectRoot = "";
			targets = (
				116C9E96295CD879007EFFFE /* Social Timetable */,
			);
		};
/* End PBXProject section */

/* Begin PBXResourcesBuildPhase section */
		116C9E95295CD879007EFFFE /* Resources */ = {
			isa = PBXResourcesBuildPhase;
			buildActionMask = 2147483647;
			files = (
				116C9EB1295CE561007EFFFE /* 04ead9dc-5711-4d81-943f-ba9f3bac5c14.ics in Resources */,
				116C9EA2295CD87A007EFFFE /* Preview Assets.xcassets in Resources */,
				11C1E33E2965DE35002DDD44 /* GoogleService-Info.plist in Resources */,
				116C9E9F295CD87A007EFFFE /* Assets.xcassets in Resources */,
				116C9EB3295CE680007EFFFE /* calendar.ics in Resources */,
			);
			runOnlyForDeploymentPostprocessing = 0;
		};
/* End PBXResourcesBuildPhase section */

/* Begin PBXShellScriptBuildPhase section */
		DF8C8E57B033A02740BC02E5 /* [CP] Check Pods Manifest.lock */ = {
			isa = PBXShellScriptBuildPhase;
			buildActionMask = 2147483647;
			files = (
			);
			inputFileListPaths = (
			);
			inputPaths = (
				"${PODS_PODFILE_DIR_PATH}/Podfile.lock",
				"${PODS_ROOT}/Manifest.lock",
			);
			name = "[CP] Check Pods Manifest.lock";
			outputFileListPaths = (
			);
			outputPaths = (
				"$(DERIVED_FILE_DIR)/Pods-Social Timetable-checkManifestLockResult.txt",
			);
			runOnlyForDeploymentPostprocessing = 0;
			shellPath = /bin/sh;
			shellScript = "diff \"${PODS_PODFILE_DIR_PATH}/Podfile.lock\" \"${PODS_ROOT}/Manifest.lock\" > /dev/null\nif [ $? != 0 ] ; then\n    # print error to STDERR\n    echo \"error: The sandbox is not in sync with the Podfile.lock. Run 'pod install' or update your CocoaPods installation.\" >&2\n    exit 1\nfi\n# This output is used by Xcode 'outputs' to avoid re-running this script phase.\necho \"SUCCESS\" > \"${SCRIPT_OUTPUT_FILE_0}\"\n";
			showEnvVarsInLog = 0;
		};
		FF51235AF9FDC2A99D5423A5 /* [CP] Embed Pods Frameworks */ = {
			isa = PBXShellScriptBuildPhase;
			buildActionMask = 2147483647;
			files = (
			);
			inputFileListPaths = (
				"${PODS_ROOT}/Target Support Files/Pods-Social Timetable/Pods-Social Timetable-frameworks-${CONFIGURATION}-input-files.xcfilelist",
			);
			name = "[CP] Embed Pods Frameworks";
			outputFileListPaths = (
				"${PODS_ROOT}/Target Support Files/Pods-Social Timetable/Pods-Social Timetable-frameworks-${CONFIGURATION}-output-files.xcfilelist",
			);
			runOnlyForDeploymentPostprocessing = 0;
			shellPath = /bin/sh;
			shellScript = "\"${PODS_ROOT}/Target Support Files/Pods-Social Timetable/Pods-Social Timetable-frameworks.sh\"\n";
			showEnvVarsInLog = 0;
		};
/* End PBXShellScriptBuildPhase section */

/* Begin PBXSourcesBuildPhase section */
		116C9E93295CD879007EFFFE /* Sources */ = {
			isa = PBXSourcesBuildPhase;
			buildActionMask = 2147483647;
			files = (
				114B6A06296845C40020692C /* SettingsView.swift in Sources */,
				116C9EAD295CE0BF007EFFFE /* EventDetailView.swift in Sources */,
				115FAE4629656EEA00F2738A /* AppViewModel.swift in Sources */,
				1156CFC62965EDB200FF9732 /* OpenView.swift in Sources */,
				114B6A00296813E30020692C /* LoginView.swift in Sources */,
				114B6A042968331C0020692C /* WeekView.swift in Sources */,
				11FBC7D7295F2DBB00D4588A /* YearView.swift in Sources */,
				11CD221B296D257F00CDB2F3 /* FrameReader.swift in Sources */,
				119B366129686FFB00038389 /* AccountSettingsView.swift in Sources */,
				110DD5C8296B1AE500DAB549 /* User.swift in Sources */,
				11CD2219296D251600CDB2F3 /* ScrollSlidingTabBar.swift in Sources */,
				11014C9B296868C700DC9ECF /* UploadTimetableView.swift in Sources */,
				11D8D6072961ADE900F20463 /* DayGridView.swift in Sources */,
				11F0A313296D347200B35ABE /* DayView.swift in Sources */,
				114B6A0229682D380020692C /* ContentView.swift in Sources */,
				116C9E9B295CD879007EFFFE /* SocialTimetableApp.swift in Sources */,
				116C9EAB295CE062007EFFFE /* MonthView.swift in Sources */,
				116C9EAF295CE0DC007EFFFE /* Event.swift in Sources */,
			);
			runOnlyForDeploymentPostprocessing = 0;
		};
/* End PBXSourcesBuildPhase section */

/* Begin XCBuildConfiguration section */
		116C9EA3295CD87A007EFFFE /* Debug */ = {
			isa = XCBuildConfiguration;
			buildSettings = {
				ALWAYS_SEARCH_USER_PATHS = NO;
				CLANG_ANALYZER_NONNULL = YES;
				CLANG_ANALYZER_NUMBER_OBJECT_CONVERSION = YES_AGGRESSIVE;
				CLANG_CXX_LANGUAGE_STANDARD = "gnu++20";
				CLANG_ENABLE_MODULES = YES;
				CLANG_ENABLE_OBJC_ARC = YES;
				CLANG_ENABLE_OBJC_WEAK = YES;
				CLANG_WARN_BLOCK_CAPTURE_AUTORELEASING = YES;
				CLANG_WARN_BOOL_CONVERSION = YES;
				CLANG_WARN_COMMA = YES;
				CLANG_WARN_CONSTANT_CONVERSION = YES;
				CLANG_WARN_DEPRECATED_OBJC_IMPLEMENTATIONS = YES;
				CLANG_WARN_DIRECT_OBJC_ISA_USAGE = YES_ERROR;
				CLANG_WARN_DOCUMENTATION_COMMENTS = YES;
				CLANG_WARN_EMPTY_BODY = YES;
				CLANG_WARN_ENUM_CONVERSION = YES;
				CLANG_WARN_INFINITE_RECURSION = YES;
				CLANG_WARN_INT_CONVERSION = YES;
				CLANG_WARN_NON_LITERAL_NULL_CONVERSION = YES;
				CLANG_WARN_OBJC_IMPLICIT_RETAIN_SELF = YES;
				CLANG_WARN_OBJC_LITERAL_CONVERSION = YES;
				CLANG_WARN_OBJC_ROOT_CLASS = YES_ERROR;
				CLANG_WARN_QUOTED_INCLUDE_IN_FRAMEWORK_HEADER = YES;
				CLANG_WARN_RANGE_LOOP_ANALYSIS = YES;
				CLANG_WARN_STRICT_PROTOTYPES = YES;
				CLANG_WARN_SUSPICIOUS_MOVE = YES;
				CLANG_WARN_UNGUARDED_AVAILABILITY = YES_AGGRESSIVE;
				CLANG_WARN_UNREACHABLE_CODE = YES;
				CLANG_WARN__DUPLICATE_METHOD_MATCH = YES;
				COPY_PHASE_STRIP = NO;
				DEBUG_INFORMATION_FORMAT = dwarf;
				ENABLE_STRICT_OBJC_MSGSEND = YES;
				ENABLE_TESTABILITY = YES;
				GCC_C_LANGUAGE_STANDARD = gnu11;
				GCC_DYNAMIC_NO_PIC = NO;
				GCC_NO_COMMON_BLOCKS = YES;
				GCC_OPTIMIZATION_LEVEL = 0;
				GCC_PREPROCESSOR_DEFINITIONS = (
					"DEBUG=1",
					"$(inherited)",
				);
				GCC_WARN_64_TO_32_BIT_CONVERSION = YES;
				GCC_WARN_ABOUT_RETURN_TYPE = YES_ERROR;
				GCC_WARN_UNDECLARED_SELECTOR = YES;
				GCC_WARN_UNINITIALIZED_AUTOS = YES_AGGRESSIVE;
				GCC_WARN_UNUSED_FUNCTION = YES;
				GCC_WARN_UNUSED_VARIABLE = YES;
				IPHONEOS_DEPLOYMENT_TARGET = 16.0;
				MTL_ENABLE_DEBUG_INFO = INCLUDE_SOURCE;
				MTL_FAST_MATH = YES;
				ONLY_ACTIVE_ARCH = YES;
				SDKROOT = iphoneos;
				SWIFT_ACTIVE_COMPILATION_CONDITIONS = DEBUG;
				SWIFT_OPTIMIZATION_LEVEL = "-Onone";
			};
			name = Debug;
		};
		116C9EA4295CD87A007EFFFE /* Release */ = {
			isa = XCBuildConfiguration;
			buildSettings = {
				ALWAYS_SEARCH_USER_PATHS = NO;
				CLANG_ANALYZER_NONNULL = YES;
				CLANG_ANALYZER_NUMBER_OBJECT_CONVERSION = YES_AGGRESSIVE;
				CLANG_CXX_LANGUAGE_STANDARD = "gnu++20";
				CLANG_ENABLE_MODULES = YES;
				CLANG_ENABLE_OBJC_ARC = YES;
				CLANG_ENABLE_OBJC_WEAK = YES;
				CLANG_WARN_BLOCK_CAPTURE_AUTORELEASING = YES;
				CLANG_WARN_BOOL_CONVERSION = YES;
				CLANG_WARN_COMMA = YES;
				CLANG_WARN_CONSTANT_CONVERSION = YES;
				CLANG_WARN_DEPRECATED_OBJC_IMPLEMENTATIONS = YES;
				CLANG_WARN_DIRECT_OBJC_ISA_USAGE = YES_ERROR;
				CLANG_WARN_DOCUMENTATION_COMMENTS = YES;
				CLANG_WARN_EMPTY_BODY = YES;
				CLANG_WARN_ENUM_CONVERSION = YES;
				CLANG_WARN_INFINITE_RECURSION = YES;
				CLANG_WARN_INT_CONVERSION = YES;
				CLANG_WARN_NON_LITERAL_NULL_CONVERSION = YES;
				CLANG_WARN_OBJC_IMPLICIT_RETAIN_SELF = YES;
				CLANG_WARN_OBJC_LITERAL_CONVERSION = YES;
				CLANG_WARN_OBJC_ROOT_CLASS = YES_ERROR;
				CLANG_WARN_QUOTED_INCLUDE_IN_FRAMEWORK_HEADER = YES;
				CLANG_WARN_RANGE_LOOP_ANALYSIS = YES;
				CLANG_WARN_STRICT_PROTOTYPES = YES;
				CLANG_WARN_SUSPICIOUS_MOVE = YES;
				CLANG_WARN_UNGUARDED_AVAILABILITY = YES_AGGRESSIVE;
				CLANG_WARN_UNREACHABLE_CODE = YES;
				CLANG_WARN__DUPLICATE_METHOD_MATCH = YES;
				COPY_PHASE_STRIP = NO;
				DEBUG_INFORMATION_FORMAT = "dwarf-with-dsym";
				ENABLE_NS_ASSERTIONS = NO;
				ENABLE_STRICT_OBJC_MSGSEND = YES;
				GCC_C_LANGUAGE_STANDARD = gnu11;
				GCC_NO_COMMON_BLOCKS = YES;
				GCC_WARN_64_TO_32_BIT_CONVERSION = YES;
				GCC_WARN_ABOUT_RETURN_TYPE = YES_ERROR;
				GCC_WARN_UNDECLARED_SELECTOR = YES;
				GCC_WARN_UNINITIALIZED_AUTOS = YES_AGGRESSIVE;
				GCC_WARN_UNUSED_FUNCTION = YES;
				GCC_WARN_UNUSED_VARIABLE = YES;
				IPHONEOS_DEPLOYMENT_TARGET = 16.0;
				MTL_ENABLE_DEBUG_INFO = NO;
				MTL_FAST_MATH = YES;
				SDKROOT = iphoneos;
				SWIFT_COMPILATION_MODE = wholemodule;
				SWIFT_OPTIMIZATION_LEVEL = "-O";
				VALIDATE_PRODUCT = YES;
			};
			name = Release;
		};
		116C9EA6295CD87A007EFFFE /* Debug */ = {
			isa = XCBuildConfiguration;
			baseConfigurationReference = A37AD2143B519C4BD9C6894E /* Pods-Social Timetable.debug.xcconfig */;
			buildSettings = {
				ASSETCATALOG_COMPILER_APPICON_NAME = AppIcon;
				ASSETCATALOG_COMPILER_GLOBAL_ACCENT_COLOR_NAME = AccentColor;
				CODE_SIGN_STYLE = Automatic;
				CURRENT_PROJECT_VERSION = 1;
				DEVELOPMENT_ASSET_PATHS = "\"Social Timetable/Preview Content\"";
				DEVELOPMENT_TEAM = YCX9JB227S;
				ENABLE_PREVIEWS = YES;
				GENERATE_INFOPLIST_FILE = YES;
				INFOPLIST_KEY_CFBundleDisplayName = "Social Timetable";
				INFOPLIST_KEY_UIApplicationSceneManifest_Generation = YES;
				INFOPLIST_KEY_UIApplicationSupportsIndirectInputEvents = YES;
				INFOPLIST_KEY_UILaunchScreen_Generation = YES;
				INFOPLIST_KEY_UIStatusBarStyle = "";
				INFOPLIST_KEY_UISupportedInterfaceOrientations = UIInterfaceOrientationPortrait;
				IPHONEOS_DEPLOYMENT_TARGET = 16.0;
				LD_RUNPATH_SEARCH_PATHS = (
					"$(inherited)",
					"@executable_path/Frameworks",
				);
				MARKETING_VERSION = 1.0;
				PRODUCT_BUNDLE_IDENTIFIER = "com.hughdrummond.Social-Timetable";
				PRODUCT_NAME = "$(TARGET_NAME)";
				SWIFT_EMIT_LOC_STRINGS = YES;
				SWIFT_VERSION = 5.0;
				TARGETED_DEVICE_FAMILY = "1,2";
			};
			name = Debug;
		};
		116C9EA7295CD87A007EFFFE /* Release */ = {
			isa = XCBuildConfiguration;
			baseConfigurationReference = B3E8217265C92A58D47A798B /* Pods-Social Timetable.release.xcconfig */;
			buildSettings = {
				ASSETCATALOG_COMPILER_APPICON_NAME = AppIcon;
				ASSETCATALOG_COMPILER_GLOBAL_ACCENT_COLOR_NAME = AccentColor;
				CODE_SIGN_STYLE = Automatic;
				CURRENT_PROJECT_VERSION = 1;
				DEVELOPMENT_ASSET_PATHS = "\"Social Timetable/Preview Content\"";
				DEVELOPMENT_TEAM = YCX9JB227S;
				ENABLE_PREVIEWS = YES;
				GENERATE_INFOPLIST_FILE = YES;
				INFOPLIST_KEY_CFBundleDisplayName = "Social Timetable";
				INFOPLIST_KEY_UIApplicationSceneManifest_Generation = YES;
				INFOPLIST_KEY_UIApplicationSupportsIndirectInputEvents = YES;
				INFOPLIST_KEY_UILaunchScreen_Generation = YES;
				INFOPLIST_KEY_UIStatusBarStyle = "";
				INFOPLIST_KEY_UISupportedInterfaceOrientations = UIInterfaceOrientationPortrait;
				IPHONEOS_DEPLOYMENT_TARGET = 16.0;
				LD_RUNPATH_SEARCH_PATHS = (
					"$(inherited)",
					"@executable_path/Frameworks",
				);
				MARKETING_VERSION = 1.0;
				PRODUCT_BUNDLE_IDENTIFIER = "com.hughdrummond.Social-Timetable";
				PRODUCT_NAME = "$(TARGET_NAME)";
				SWIFT_EMIT_LOC_STRINGS = YES;
				SWIFT_VERSION = 5.0;
				TARGETED_DEVICE_FAMILY = "1,2";
			};
			name = Release;
		};
/* End XCBuildConfiguration section */

/* Begin XCConfigurationList section */
		116C9E92295CD879007EFFFE /* Build configuration list for PBXProject "Social Timetable" */ = {
			isa = XCConfigurationList;
			buildConfigurations = (
				116C9EA3295CD87A007EFFFE /* Debug */,
				116C9EA4295CD87A007EFFFE /* Release */,
			);
			defaultConfigurationIsVisible = 0;
			defaultConfigurationName = Release;
		};
		116C9EA5295CD87A007EFFFE /* Build configuration list for PBXNativeTarget "Social Timetable" */ = {
			isa = XCConfigurationList;
			buildConfigurations = (
				116C9EA6295CD87A007EFFFE /* Debug */,
				116C9EA7295CD87A007EFFFE /* Release */,
			);
			defaultConfigurationIsVisible = 0;
			defaultConfigurationName = Release;
		};
/* End XCConfigurationList section */
	};
	rootObject = 116C9E8F295CD879007EFFFE /* Project object */;
}
